
Microsoft Visual Studio Solution File, Format Version 12.00
# Visual Studio 14
VisualStudioVersion = 14.0.25420.1
MinimumVisualStudioVersion = 10.0.40219.1
Project("{FAE04EC0-301F-11D3-BF4B-00C04F79EFBC}") = "NavigationPageTitleIssue.Droid", "NavigationPageTitleIssue\NavigationPageTitleIssue.Droid\NavigationPageTitleIssue.Droid.csproj", "{0B5EF158-7F4C-4B67-ABFC-6F865E658516}"
EndProject
Project("{FAE04EC0-301F-11D3-BF4B-00C04F79EFBC}") = "NavigationPageTitleIssue.iOS", "NavigationPageTitleIssue\NavigationPageTitleIssue.iOS\NavigationPageTitleIssue.iOS.csproj", "{6A4F526D-A894-4C47-A980-9B19169DADBD}"
EndProject
Project("{FAE04EC0-301F-11D3-BF4B-00C04F79EFBC}") = "NavigationPageTitleIssue.WinPhone", "NavigationPageTitleIssue\NavigationPageTitleIssue.WinPhone\NavigationPageTitleIssue.WinPhone.csproj", "{0DF9652E-41D2-4959-8F84-FB0F4FFBA9EB}"
EndProject
Project("{FAE04EC0-301F-11D3-BF4B-00C04F79EFBC}") = "NavigationPageTitleIssue.UWP", "NavigationPageTitleIssue\NavigationPageTitleIssue.UWP\NavigationPageTitleIssue.UWP.csproj", "{781551B7-B18B-4CBB-B1BF-114D554A32AF}"
EndProject
Project("{FAE04EC0-301F-11D3-BF4B-00C04F79EFBC}") = "NavigationPageTitleIssue.Windows", "NavigationPageTitleIssue\NavigationPageTitleIssue.Windows\NavigationPageTitleIssue.Windows.csproj", "{B68EF2B7-FBD3-4553-8939-37EEBA6E765C}"
EndProject
Project("{FAE04EC0-301F-11D3-BF4B-00C04F79EFBC}") = "NavigationPageTitleIssue", "NavigationPageTitleIssue\NavigationPageTitleIssue\NavigationPageTitleIssue.csproj", "{027FDE76-187B-4B9C-9DBE-652D0F272924}"
EndProject
Global
	GlobalSection(SolutionConfigurationPlatforms) = preSolution
		Ad-Hoc|Any CPU = Ad-Hoc|Any CPU
		Ad-Hoc|ARM = Ad-Hoc|ARM
		Ad-Hoc|iPhone = Ad-Hoc|iPhone
		Ad-Hoc|iPhoneSimulator = Ad-Hoc|iPhoneSimulator
		Ad-Hoc|x64 = Ad-Hoc|x64
		Ad-Hoc|x86 = Ad-Hoc|x86
		AppStore|Any CPU = AppStore|Any CPU
		AppStore|ARM = AppStore|ARM
		AppStore|iPhone = AppStore|iPhone
		AppStore|iPhoneSimulator = AppStore|iPhoneSimulator
		AppStore|x64 = AppStore|x64
		AppStore|x86 = AppStore|x86
		Debug|Any CPU = Debug|Any CPU
		Debug|ARM = Debug|ARM
		Debug|iPhone = Debug|iPhone
		Debug|iPhoneSimulator = Debug|iPhoneSimulator
		Debug|x64 = Debug|x64
		Debug|x86 = Debug|x86
		Release|Any CPU = Release|Any CPU
		Release|ARM = Release|ARM
		Release|iPhone = Release|iPhone
		Release|iPhoneSimulator = Release|iPhoneSimulator
		Release|x64 = Release|x64
		Release|x86 = Release|x86
	EndGlobalSection
	GlobalSection(ProjectConfigurationPlatforms) = postSolution
		{0B5EF158-7F4C-4B67-ABFC-6F865E658516}.Ad-Hoc|Any CPU.ActiveCfg = Release|Any CPU
		{0B5EF158-7F4C-4B67-ABFC-6F865E658516}.Ad-Hoc|Any CPU.Build.0 = Release|Any CPU
		{0B5EF158-7F4C-4B67-ABFC-6F865E658516}.Ad-Hoc|Any CPU.Deploy.0 = Release|Any CPU
		{0B5EF158-7F4C-4B67-ABFC-6F865E658516}.Ad-Hoc|ARM.ActiveCfg = Release|Any CPU
		{0B5EF158-7F4C-4B67-ABFC-6F865E658516}.Ad-Hoc|ARM.Build.0 = Release|Any CPU
		{0B5EF158-7F4C-4B67-ABFC-6F865E658516}.Ad-Hoc|ARM.Deploy.0 = Release|Any CPU
		{0B5EF158-7F4C-4B67-ABFC-6F865E658516}.Ad-Hoc|iPhone.ActiveCfg = Release|Any CPU
		{0B5EF158-7F4C-4B67-ABFC-6F865E658516}.Ad-Hoc|iPhone.Build.0 = Release|Any CPU
		{0B5EF158-7F4C-4B67-ABFC-6F865E658516}.Ad-Hoc|iPhone.Deploy.0 = Release|Any CPU
		{0B5EF158-7F4C-4B67-ABFC-6F865E658516}.Ad-Hoc|iPhoneSimulator.ActiveCfg = Release|Any CPU
		{0B5EF158-7F4C-4B67-ABFC-6F865E658516}.Ad-Hoc|iPhoneSimulator.Build.0 = Release|Any CPU
		{0B5EF158-7F4C-4B67-ABFC-6F865E658516}.Ad-Hoc|iPhoneSimulator.Deploy.0 = Release|Any CPU
		{0B5EF158-7F4C-4B67-ABFC-6F865E658516}.Ad-Hoc|x64.ActiveCfg = Release|Any CPU
		{0B5EF158-7F4C-4B67-ABFC-6F865E658516}.Ad-Hoc|x64.Build.0 = Release|Any CPU
		{0B5EF158-7F4C-4B67-ABFC-6F865E658516}.Ad-Hoc|x64.Deploy.0 = Release|Any CPU
		{0B5EF158-7F4C-4B67-ABFC-6F865E658516}.Ad-Hoc|x86.ActiveCfg = Release|Any CPU
		{0B5EF158-7F4C-4B67-ABFC-6F865E658516}.Ad-Hoc|x86.Build.0 = Release|Any CPU
		{0B5EF158-7F4C-4B67-ABFC-6F865E658516}.Ad-Hoc|x86.Deploy.0 = Release|Any CPU
		{0B5EF158-7F4C-4B67-ABFC-6F865E658516}.AppStore|Any CPU.ActiveCfg = Release|Any CPU
		{0B5EF158-7F4C-4B67-ABFC-6F865E658516}.AppStore|Any CPU.Build.0 = Release|Any CPU
		{0B5EF158-7F4C-4B67-ABFC-6F865E658516}.AppStore|Any CPU.Deploy.0 = Release|Any CPU
		{0B5EF158-7F4C-4B67-ABFC-6F865E658516}.AppStore|ARM.ActiveCfg = Release|Any CPU
		{0B5EF158-7F4C-4B67-ABFC-6F865E658516}.AppStore|ARM.Build.0 = Release|Any CPU
		{0B5EF158-7F4C-4B67-ABFC-6F865E658516}.AppStore|ARM.Deploy.0 = Release|Any CPU
		{0B5EF158-7F4C-4B67-ABFC-6F865E658516}.AppStore|iPhone.ActiveCfg = Release|Any CPU
		{0B5EF158-7F4C-4B67-ABFC-6F865E658516}.AppStore|iPhone.Build.0 = Release|Any CPU
		{0B5EF158-7F4C-4B67-ABFC-6F865E658516}.AppStore|iPhone.Deploy.0 = Release|Any CPU
		{0B5EF158-7F4C-4B67-ABFC-6F865E658516}.AppStore|iPhoneSimulator.ActiveCfg = Release|Any CPU
		{0B5EF158-7F4C-4B67-ABFC-6F865E658516}.AppStore|iPhoneSimulator.Build.0 = Release|Any CPU
		{0B5EF158-7F4C-4B67-ABFC-6F865E658516}.AppStore|iPhoneSimulator.Deploy.0 = Release|Any CPU
		{0B5EF158-7F4C-4B67-ABFC-6F865E658516}.AppStore|x64.ActiveCfg = Release|Any CPU
		{0B5EF158-7F4C-4B67-ABFC-6F865E658516}.AppStore|x64.Build.0 = Release|Any CPU
		{0B5EF158-7F4C-4B67-ABFC-6F865E658516}.AppStore|x64.Deploy.0 = Release|Any CPU
		{0B5EF158-7F4C-4B67-ABFC-6F865E658516}.AppStore|x86.ActiveCfg = Release|Any CPU
		{0B5EF158-7F4C-4B67-ABFC-6F865E658516}.AppStore|x86.Build.0 = Release|Any CPU
		{0B5EF158-7F4C-4B67-ABFC-6F865E658516}.AppStore|x86.Deploy.0 = Release|Any CPU
		{0B5EF158-7F4C-4B67-ABFC-6F865E658516}.Debug|Any CPU.ActiveCfg = Debug|Any CPU
		{0B5EF158-7F4C-4B67-ABFC-6F865E658516}.Debug|Any CPU.Build.0 = Debug|Any CPU
		{0B5EF158-7F4C-4B67-ABFC-6F865E658516}.Debug|Any CPU.Deploy.0 = Debug|Any CPU
		{0B5EF158-7F4C-4B67-ABFC-6F865E658516}.Debug|ARM.ActiveCfg = Debug|Any CPU
		{0B5EF158-7F4C-4B67-ABFC-6F865E658516}.Debug|ARM.Build.0 = Debug|Any CPU
		{0B5EF158-7F4C-4B67-ABFC-6F865E658516}.Debug|ARM.Deploy.0 = Debug|Any CPU
		{0B5EF158-7F4C-4B67-ABFC-6F865E658516}.Debug|iPhone.ActiveCfg = Debug|Any CPU
		{0B5EF158-7F4C-4B67-ABFC-6F865E658516}.Debug|iPhone.Build.0 = Debug|Any CPU
		{0B5EF158-7F4C-4B67-ABFC-6F865E658516}.Debug|iPhone.Deploy.0 = Debug|Any CPU
		{0B5EF158-7F4C-4B67-ABFC-6F865E658516}.Debug|iPhoneSimulator.ActiveCfg = Debug|Any CPU
		{0B5EF158-7F4C-4B67-ABFC-6F865E658516}.Debug|iPhoneSimulator.Build.0 = Debug|Any CPU
		{0B5EF158-7F4C-4B67-ABFC-6F865E658516}.Debug|iPhoneSimulator.Deploy.0 = Debug|Any CPU
		{0B5EF158-7F4C-4B67-ABFC-6F865E658516}.Debug|x64.ActiveCfg = Debug|Any CPU
		{0B5EF158-7F4C-4B67-ABFC-6F865E658516}.Debug|x64.Build.0 = Debug|Any CPU
		{0B5EF158-7F4C-4B67-ABFC-6F865E658516}.Debug|x64.Deploy.0 = Debug|Any CPU
		{0B5EF158-7F4C-4B67-ABFC-6F865E658516}.Debug|x86.ActiveCfg = Debug|Any CPU
		{0B5EF158-7F4C-4B67-ABFC-6F865E658516}.Debug|x86.Build.0 = Debug|Any CPU
		{0B5EF158-7F4C-4B67-ABFC-6F865E658516}.Debug|x86.Deploy.0 = Debug|Any CPU
		{0B5EF158-7F4C-4B67-ABFC-6F865E658516}.Release|Any CPU.ActiveCfg = Release|Any CPU
		{0B5EF158-7F4C-4B67-ABFC-6F865E658516}.Release|Any CPU.Build.0 = Release|Any CPU
		{0B5EF158-7F4C-4B67-ABFC-6F865E658516}.Release|Any CPU.Deploy.0 = Release|Any CPU
		{0B5EF158-7F4C-4B67-ABFC-6F865E658516}.Release|ARM.ActiveCfg = Release|Any CPU
		{0B5EF158-7F4C-4B67-ABFC-6F865E658516}.Release|ARM.Build.0 = Release|Any CPU
		{0B5EF158-7F4C-4B67-ABFC-6F865E658516}.Release|ARM.Deploy.0 = Release|Any CPU
		{0B5EF158-7F4C-4B67-ABFC-6F865E658516}.Release|iPhone.ActiveCfg = Release|Any CPU
		{0B5EF158-7F4C-4B67-ABFC-6F865E658516}.Release|iPhone.Build.0 = Release|Any CPU
		{0B5EF158-7F4C-4B67-ABFC-6F865E658516}.Release|iPhone.Deploy.0 = Release|Any CPU
		{0B5EF158-7F4C-4B67-ABFC-6F865E658516}.Release|iPhoneSimulator.ActiveCfg = Release|Any CPU
		{0B5EF158-7F4C-4B67-ABFC-6F865E658516}.Release|iPhoneSimulator.Build.0 = Release|Any CPU
		{0B5EF158-7F4C-4B67-ABFC-6F865E658516}.Release|iPhoneSimulator.Deploy.0 = Release|Any CPU
		{0B5EF158-7F4C-4B67-ABFC-6F865E658516}.Release|x64.ActiveCfg = Release|Any CPU
		{0B5EF158-7F4C-4B67-ABFC-6F865E658516}.Release|x64.Build.0 = Release|Any CPU
		{0B5EF158-7F4C-4B67-ABFC-6F865E658516}.Release|x64.Deploy.0 = Release|Any CPU
		{0B5EF158-7F4C-4B67-ABFC-6F865E658516}.Release|x86.ActiveCfg = Release|Any CPU
		{0B5EF158-7F4C-4B67-ABFC-6F865E658516}.Release|x86.Build.0 = Release|Any CPU
		{0B5EF158-7F4C-4B67-ABFC-6F865E658516}.Release|x86.Deploy.0 = Release|Any CPU
		{6A4F526D-A894-4C47-A980-9B19169DADBD}.Ad-Hoc|Any CPU.ActiveCfg = Ad-Hoc|iPhone
		{6A4F526D-A894-4C47-A980-9B19169DADBD}.Ad-Hoc|ARM.ActiveCfg = Ad-Hoc|iPhone
		{6A4F526D-A894-4C47-A980-9B19169DADBD}.Ad-Hoc|iPhone.ActiveCfg = Ad-Hoc|iPhone
		{6A4F526D-A894-4C47-A980-9B19169DADBD}.Ad-Hoc|iPhone.Build.0 = Ad-Hoc|iPhone
		{6A4F526D-A894-4C47-A980-9B19169DADBD}.Ad-Hoc|iPhoneSimulator.ActiveCfg = Ad-Hoc|iPhoneSimulator
		{6A4F526D-A894-4C47-A980-9B19169DADBD}.Ad-Hoc|iPhoneSimulator.Build.0 = Ad-Hoc|iPhoneSimulator
		{6A4F526D-A894-4C47-A980-9B19169DADBD}.Ad-Hoc|x64.ActiveCfg = Ad-Hoc|iPhone
		{6A4F526D-A894-4C47-A980-9B19169DADBD}.Ad-Hoc|x86.ActiveCfg = Ad-Hoc|iPhone
		{6A4F526D-A894-4C47-A980-9B19169DADBD}.AppStore|Any CPU.ActiveCfg = AppStore|iPhone
		{6A4F526D-A894-4C47-A980-9B19169DADBD}.AppStore|ARM.ActiveCfg = AppStore|iPhone
		{6A4F526D-A894-4C47-A980-9B19169DADBD}.AppStore|iPhone.ActiveCfg = AppStore|iPhone
		{6A4F526D-A894-4C47-A980-9B19169DADBD}.AppStore|iPhone.Build.0 = AppStore|iPhone
		{6A4F526D-A894-4C47-A980-9B19169DADBD}.AppStore|iPhoneSimulator.ActiveCfg = AppStore|iPhoneSimulator
		{6A4F526D-A894-4C47-A980-9B19169DADBD}.AppStore|iPhoneSimulator.Build.0 = AppStore|iPhoneSimulator
		{6A4F526D-A894-4C47-A980-9B19169DADBD}.AppStore|x64.ActiveCfg = AppStore|iPhone
		{6A4F526D-A894-4C47-A980-9B19169DADBD}.AppStore|x86.ActiveCfg = AppStore|iPhone
		{6A4F526D-A894-4C47-A980-9B19169DADBD}.Debug|Any CPU.ActiveCfg = Debug|iPhone
		{6A4F526D-A894-4C47-A980-9B19169DADBD}.Debug|ARM.ActiveCfg = Debug|iPhone
		{6A4F526D-A894-4C47-A980-9B19169DADBD}.Debug|iPhone.ActiveCfg = Debug|iPhone
		{6A4F526D-A894-4C47-A980-9B19169DADBD}.Debug|iPhone.Build.0 = Debug|iPhone
		{6A4F526D-A894-4C47-A980-9B19169DADBD}.Debug|iPhoneSimulator.ActiveCfg = Debug|iPhoneSimulator
		{6A4F526D-A894-4C47-A980-9B19169DADBD}.Debug|iPhoneSimulator.Build.0 = Debug|iPhoneSimulator
		{6A4F526D-A894-4C47-A980-9B19169DADBD}.Debug|x64.ActiveCfg = Debug|iPhone
		{6A4F526D-A894-4C47-A980-9B19169DADBD}.Debug|x86.ActiveCfg = Debug|iPhone
		{6A4F526D-A894-4C47-A980-9B19169DADBD}.Release|Any CPU.ActiveCfg = Release|iPhone
		{6A4F526D-A894-4C47-A980-9B19169DADBD}.Release|ARM.ActiveCfg = Release|iPhone
		{6A4F526D-A894-4C47-A980-9B19169DADBD}.Release|iPhone.ActiveCfg = Release|iPhone
		{6A4F526D-A894-4C47-A980-9B19169DADBD}.Release|iPhone.Build.0 = Release|iPhone
		{6A4F526D-A894-4C47-A980-9B19169DADBD}.Release|iPhoneSimulator.ActiveCfg = Release|iPhoneSimulator
		{6A4F526D-A894-4C47-A980-9B19169DADBD}.Release|iPhoneSimulator.Build.0 = Release|iPhoneSimulator
		{6A4F526D-A894-4C47-A980-9B19169DADBD}.Release|x64.ActiveCfg = Release|iPhone
		{6A4F526D-A894-4C47-A980-9B19169DADBD}.Release|x86.ActiveCfg = Release|iPhone
		{0DF9652E-41D2-4959-8F84-FB0F4FFBA9EB}.Ad-Hoc|Any CPU.ActiveCfg = Release|Any CPU
		{0DF9652E-41D2-4959-8F84-FB0F4FFBA9EB}.Ad-Hoc|Any CPU.Build.0 = Release|Any CPU
		{0DF9652E-41D2-4959-8F84-FB0F4FFBA9EB}.Ad-Hoc|Any CPU.Deploy.0 = Release|Any CPU
		{0DF9652E-41D2-4959-8F84-FB0F4FFBA9EB}.Ad-Hoc|ARM.ActiveCfg = Release|ARM
		{0DF9652E-41D2-4959-8F84-FB0F4FFBA9EB}.Ad-Hoc|ARM.Build.0 = Release|ARM
		{0DF9652E-41D2-4959-8F84-FB0F4FFBA9EB}.Ad-Hoc|ARM.Deploy.0 = Release|ARM
		{0DF9652E-41D2-4959-8F84-FB0F4FFBA9EB}.Ad-Hoc|iPhone.ActiveCfg = Release|Any CPU
		{0DF9652E-41D2-4959-8F84-FB0F4FFBA9EB}.Ad-Hoc|iPhone.Build.0 = Release|Any CPU
		{0DF9652E-41D2-4959-8F84-FB0F4FFBA9EB}.Ad-Hoc|iPhone.Deploy.0 = Release|Any CPU
		{0DF9652E-41D2-4959-8F84-FB0F4FFBA9EB}.Ad-Hoc|iPhoneSimulator.ActiveCfg = Release|Any CPU
		{0DF9652E-41D2-4959-8F84-FB0F4FFBA9EB}.Ad-Hoc|iPhoneSimulator.Build.0 = Release|Any CPU
		{0DF9652E-41D2-4959-8F84-FB0F4FFBA9EB}.Ad-Hoc|iPhoneSimulator.Deploy.0 = Release|Any CPU
		{0DF9652E-41D2-4959-8F84-FB0F4FFBA9EB}.Ad-Hoc|x64.ActiveCfg = Release|Any CPU
		{0DF9652E-41D2-4959-8F84-FB0F4FFBA9EB}.Ad-Hoc|x64.Build.0 = Release|Any CPU
		{0DF9652E-41D2-4959-8F84-FB0F4FFBA9EB}.Ad-Hoc|x64.Deploy.0 = Release|Any CPU
		{0DF9652E-41D2-4959-8F84-FB0F4FFBA9EB}.Ad-Hoc|x86.ActiveCfg = Release|x86
		{0DF9652E-41D2-4959-8F84-FB0F4FFBA9EB}.Ad-Hoc|x86.Build.0 = Release|x86
		{0DF9652E-41D2-4959-8F84-FB0F4FFBA9EB}.Ad-Hoc|x86.Deploy.0 = Release|x86
		{0DF9652E-41D2-4959-8F84-FB0F4FFBA9EB}.AppStore|Any CPU.ActiveCfg = Release|Any CPU
		{0DF9652E-41D2-4959-8F84-FB0F4FFBA9EB}.AppStore|Any CPU.Build.0 = Release|Any CPU
		{0DF9652E-41D2-4959-8F84-FB0F4FFBA9EB}.AppStore|Any CPU.Deploy.0 = Release|Any CPU
		{0DF9652E-41D2-4959-8F84-FB0F4FFBA9EB}.AppStore|ARM.ActiveCfg = Release|ARM
		{0DF9652E-41D2-4959-8F84-FB0F4FFBA9EB}.AppStore|ARM.Build.0 = Release|ARM
		{0DF9652E-41D2-4959-8F84-FB0F4FFBA9EB}.AppStore|ARM.Deploy.0 = Release|ARM
		{0DF9652E-41D2-4959-8F84-FB0F4FFBA9EB}.AppStore|iPhone.ActiveCfg = Release|Any CPU
		{0DF9652E-41D2-4959-8F84-FB0F4FFBA9EB}.AppStore|iPhone.Build.0 = Release|Any CPU
		{0DF9652E-41D2-4959-8F84-FB0F4FFBA9EB}.AppStore|iPhone.Deploy.0 = Release|Any CPU
		{0DF9652E-41D2-4959-8F84-FB0F4FFBA9EB}.AppStore|iPhoneSimulator.ActiveCfg = Release|Any CPU
		{0DF9652E-41D2-4959-8F84-FB0F4FFBA9EB}.AppStore|iPhoneSimulator.Build.0 = Release|Any CPU
		{0DF9652E-41D2-4959-8F84-FB0F4FFBA9EB}.AppStore|iPhoneSimulator.Deploy.0 = Release|Any CPU
		{0DF9652E-41D2-4959-8F84-FB0F4FFBA9EB}.AppStore|x64.ActiveCfg = Release|Any CPU
		{0DF9652E-41D2-4959-8F84-FB0F4FFBA9EB}.AppStore|x64.Build.0 = Release|Any CPU
		{0DF9652E-41D2-4959-8F84-FB0F4FFBA9EB}.AppStore|x64.Deploy.0 = Release|Any CPU
		{0DF9652E-41D2-4959-8F84-FB0F4FFBA9EB}.AppStore|x86.ActiveCfg = Release|x86
		{0DF9652E-41D2-4959-8F84-FB0F4FFBA9EB}.AppStore|x86.Build.0 = Release|x86
		{0DF9652E-41D2-4959-8F84-FB0F4FFBA9EB}.AppStore|x86.Deploy.0 = Release|x86
		{0DF9652E-41D2-4959-8F84-FB0F4FFBA9EB}.Debug|Any CPU.ActiveCfg = Debug|Any CPU
		{0DF9652E-41D2-4959-8F84-FB0F4FFBA9EB}.Debug|Any CPU.Build.0 = Debug|Any CPU
		{0DF9652E-41D2-4959-8F84-FB0F4FFBA9EB}.Debug|Any CPU.Deploy.0 = Debug|Any CPU
		{0DF9652E-41D2-4959-8F84-FB0F4FFBA9EB}.Debug|ARM.ActiveCfg = Debug|ARM
		{0DF9652E-41D2-4959-8F84-FB0F4FFBA9EB}.Debug|ARM.Build.0 = Debug|ARM
		{0DF9652E-41D2-4959-8F84-FB0F4FFBA9EB}.Debug|ARM.Deploy.0 = Debug|ARM
		{0DF9652E-41D2-4959-8F84-FB0F4FFBA9EB}.Debug|iPhone.ActiveCfg = Debug|Any CPU
		{0DF9652E-41D2-4959-8F84-FB0F4FFBA9EB}.Debug|iPhone.Build.0 = Debug|Any CPU
		{0DF9652E-41D2-4959-8F84-FB0F4FFBA9EB}.Debug|iPhone.Deploy.0 = Debug|Any CPU
		{0DF9652E-41D2-4959-8F84-FB0F4FFBA9EB}.Debug|iPhoneSimulator.ActiveCfg = Debug|Any CPU
		{0DF9652E-41D2-4959-8F84-FB0F4FFBA9EB}.Debug|iPhoneSimulator.Build.0 = Debug|Any CPU
		{0DF9652E-41D2-4959-8F84-FB0F4FFBA9EB}.Debug|iPhoneSimulator.Deploy.0 = Debug|Any CPU
		{0DF9652E-41D2-4959-8F84-FB0F4FFBA9EB}.Debug|x64.ActiveCfg = Debug|Any CPU
		{0DF9652E-41D2-4959-8F84-FB0F4FFBA9EB}.Debug|x64.Build.0 = Debug|Any CPU
		{0DF9652E-41D2-4959-8F84-FB0F4FFBA9EB}.Debug|x64.Deploy.0 = Debug|Any CPU
		{0DF9652E-41D2-4959-8F84-FB0F4FFBA9EB}.Debug|x86.ActiveCfg = Debug|x86
		{0DF9652E-41D2-4959-8F84-FB0F4FFBA9EB}.Debug|x86.Build.0 = Debug|x86
		{0DF9652E-41D2-4959-8F84-FB0F4FFBA9EB}.Debug|x86.Deploy.0 = Debug|x86
		{0DF9652E-41D2-4959-8F84-FB0F4FFBA9EB}.Release|Any CPU.ActiveCfg = Release|Any CPU
		{0DF9652E-41D2-4959-8F84-FB0F4FFBA9EB}.Release|Any CPU.Build.0 = Release|Any CPU
		{0DF9652E-41D2-4959-8F84-FB0F4FFBA9EB}.Release|Any CPU.Deploy.0 = Release|Any CPU
		{0DF9652E-41D2-4959-8F84-FB0F4FFBA9EB}.Release|ARM.ActiveCfg = Release|ARM
		{0DF9652E-41D2-4959-8F84-FB0F4FFBA9EB}.Release|ARM.Build.0 = Release|ARM
		{0DF9652E-41D2-4959-8F84-FB0F4FFBA9EB}.Release|ARM.Deploy.0 = Release|ARM
		{0DF9652E-41D2-4959-8F84-FB0F4FFBA9EB}.Release|iPhone.ActiveCfg = Release|Any CPU
		{0DF9652E-41D2-4959-8F84-FB0F4FFBA9EB}.Release|iPhone.Build.0 = Release|Any CPU
		{0DF9652E-41D2-4959-8F84-FB0F4FFBA9EB}.Release|iPhone.Deploy.0 = Release|Any CPU
		{0DF9652E-41D2-4959-8F84-FB0F4FFBA9EB}.Release|iPhoneSimulator.ActiveCfg = Release|Any CPU
		{0DF9652E-41D2-4959-8F84-FB0F4FFBA9EB}.Release|iPhoneSimulator.Build.0 = Release|Any CPU
		{0DF9652E-41D2-4959-8F84-FB0F4FFBA9EB}.Release|iPhoneSimulator.Deploy.0 = Release|Any CPU
		{0DF9652E-41D2-4959-8F84-FB0F4FFBA9EB}.Release|x64.ActiveCfg = Release|Any CPU
		{0DF9652E-41D2-4959-8F84-FB0F4FFBA9EB}.Release|x64.Build.0 = Release|Any CPU
		{0DF9652E-41D2-4959-8F84-FB0F4FFBA9EB}.Release|x64.Deploy.0 = Release|Any CPU
		{0DF9652E-41D2-4959-8F84-FB0F4FFBA9EB}.Release|x86.ActiveCfg = Release|x86
		{0DF9652E-41D2-4959-8F84-FB0F4FFBA9EB}.Release|x86.Build.0 = Release|x86
		{0DF9652E-41D2-4959-8F84-FB0F4FFBA9EB}.Release|x86.Deploy.0 = Release|x86
		{781551B7-B18B-4CBB-B1BF-114D554A32AF}.Ad-Hoc|Any CPU.ActiveCfg = Release|x86
		{781551B7-B18B-4CBB-B1BF-114D554A32AF}.Ad-Hoc|Any CPU.Build.0 = Release|x86
		{781551B7-B18B-4CBB-B1BF-114D554A32AF}.Ad-Hoc|Any CPU.Deploy.0 = Release|x86
		{781551B7-B18B-4CBB-B1BF-114D554A32AF}.Ad-Hoc|ARM.ActiveCfg = Release|ARM
		{781551B7-B18B-4CBB-B1BF-114D554A32AF}.Ad-Hoc|ARM.Build.0 = Release|ARM
		{781551B7-B18B-4CBB-B1BF-114D554A32AF}.Ad-Hoc|ARM.Deploy.0 = Release|ARM
		{781551B7-B18B-4CBB-B1BF-114D554A32AF}.Ad-Hoc|iPhone.ActiveCfg = Release|x86
		{781551B7-B18B-4CBB-B1BF-114D554A32AF}.Ad-Hoc|iPhone.Build.0 = Release|x86
		{781551B7-B18B-4CBB-B1BF-114D554A32AF}.Ad-Hoc|iPhone.Deploy.0 = Release|x86
		{781551B7-B18B-4CBB-B1BF-114D554A32AF}.Ad-Hoc|iPhoneSimulator.ActiveCfg = Release|x86
		{781551B7-B18B-4CBB-B1BF-114D554A32AF}.Ad-Hoc|iPhoneSimulator.Build.0 = Release|x86
		{781551B7-B18B-4CBB-B1BF-114D554A32AF}.Ad-Hoc|iPhoneSimulator.Deploy.0 = Release|x86
		{781551B7-B18B-4CBB-B1BF-114D554A32AF}.Ad-Hoc|x64.ActiveCfg = Release|x64
		{781551B7-B18B-4CBB-B1BF-114D554A32AF}.Ad-Hoc|x64.Build.0 = Release|x64
		{781551B7-B18B-4CBB-B1BF-114D554A32AF}.Ad-Hoc|x64.Deploy.0 = Release|x64
		{781551B7-B18B-4CBB-B1BF-114D554A32AF}.Ad-Hoc|x86.ActiveCfg = Release|x86
		{781551B7-B18B-4CBB-B1BF-114D554A32AF}.Ad-Hoc|x86.Build.0 = Release|x86
		{781551B7-B18B-4CBB-B1BF-114D554A32AF}.Ad-Hoc|x86.Deploy.0 = Release|x86
		{781551B7-B18B-4CBB-B1BF-114D554A32AF}.AppStore|Any CPU.ActiveCfg = Release|x86
		{781551B7-B18B-4CBB-B1BF-114D554A32AF}.AppStore|Any CPU.Build.0 = Release|x86
		{781551B7-B18B-4CBB-B1BF-114D554A32AF}.AppStore|Any CPU.Deploy.0 = Release|x86
		{781551B7-B18B-4CBB-B1BF-114D554A32AF}.AppStore|ARM.ActiveCfg = Release|ARM
		{781551B7-B18B-4CBB-B1BF-114D554A32AF}.AppStore|ARM.Build.0 = Release|ARM
		{781551B7-B18B-4CBB-B1BF-114D554A32AF}.AppStore|ARM.Deploy.0 = Release|ARM
		{781551B7-B18B-4CBB-B1BF-114D554A32AF}.AppStore|iPhone.ActiveCfg = Release|x86
		{781551B7-B18B-4CBB-B1BF-114D554A32AF}.AppStore|iPhone.Build.0 = Release|x86
		{781551B7-B18B-4CBB-B1BF-114D554A32AF}.AppStore|iPhone.Deploy.0 = Release|x86
		{781551B7-B18B-4CBB-B1BF-114D554A32AF}.AppStore|iPhoneSimulator.ActiveCfg = Release|x86
		{781551B7-B18B-4CBB-B1BF-114D554A32AF}.AppStore|iPhoneSimulator.Build.0 = Release|x86
		{781551B7-B18B-4CBB-B1BF-114D554A32AF}.AppStore|iPhoneSimulator.Deploy.0 = Release|x86
		{781551B7-B18B-4CBB-B1BF-114D554A32AF}.AppStore|x64.ActiveCfg = Release|x64
		{781551B7-B18B-4CBB-B1BF-114D554A32AF}.AppStore|x64.Build.0 = Release|x64
		{781551B7-B18B-4CBB-B1BF-114D554A32AF}.AppStore|x64.Deploy.0 = Release|x64
		{781551B7-B18B-4CBB-B1BF-114D554A32AF}.AppStore|x86.ActiveCfg = Release|x86
		{781551B7-B18B-4CBB-B1BF-114D554A32AF}.AppStore|x86.Build.0 = Release|x86
		{781551B7-B18B-4CBB-B1BF-114D554A32AF}.AppStore|x86.Deploy.0 = Release|x86
		{781551B7-B18B-4CBB-B1BF-114D554A32AF}.Debug|Any CPU.ActiveCfg = Debug|x86
		{781551B7-B18B-4CBB-B1BF-114D554A32AF}.Debug|ARM.ActiveCfg = Debug|ARM
		{781551B7-B18B-4CBB-B1BF-114D554A32AF}.Debug|ARM.Build.0 = Debug|ARM
		{781551B7-B18B-4CBB-B1BF-114D554A32AF}.Debug|ARM.Deploy.0 = Debug|ARM
		{781551B7-B18B-4CBB-B1BF-114D554A32AF}.Debug|iPhone.ActiveCfg = Debug|x86
		{781551B7-B18B-4CBB-B1BF-114D554A32AF}.Debug|iPhoneSimulator.ActiveCfg = Debug|x86
		{781551B7-B18B-4CBB-B1BF-114D554A32AF}.Debug|x64.ActiveCfg = Debug|x64
		{781551B7-B18B-4CBB-B1BF-114D554A32AF}.Debug|x64.Build.0 = Debug|x64
		{781551B7-B18B-4CBB-B1BF-114D554A32AF}.Debug|x64.Deploy.0 = Debug|x64
		{781551B7-B18B-4CBB-B1BF-114D554A32AF}.Debug|x86.ActiveCfg = Debug|x86
		{781551B7-B18B-4CBB-B1BF-114D554A32AF}.Debug|x86.Build.0 = Debug|x86
		{781551B7-B18B-4CBB-B1BF-114D554A32AF}.Debug|x86.Deploy.0 = Debug|x86
		{781551B7-B18B-4CBB-B1BF-114D554A32AF}.Release|Any CPU.ActiveCfg = Release|x86
		{781551B7-B18B-4CBB-B1BF-114D554A32AF}.Release|ARM.ActiveCfg = Release|ARM
		{781551B7-B18B-4CBB-B1BF-114D554A32AF}.Release|ARM.Build.0 = Release|ARM
		{781551B7-B18B-4CBB-B1BF-114D554A32AF}.Release|ARM.Deploy.0 = Release|ARM
		{781551B7-B18B-4CBB-B1BF-114D554A32AF}.Release|iPhone.ActiveCfg = Release|x86
		{781551B7-B18B-4CBB-B1BF-114D554A32AF}.Release|iPhoneSimulator.ActiveCfg = Release|x86
		{781551B7-B18B-4CBB-B1BF-114D554A32AF}.Release|x64.ActiveCfg = Release|x64
		{781551B7-B18B-4CBB-B1BF-114D554A32AF}.Release|x64.Build.0 = Release|x64
		{781551B7-B18B-4CBB-B1BF-114D554A32AF}.Release|x64.Deploy.0 = Release|x64
		{781551B7-B18B-4CBB-B1BF-114D554A32AF}.Release|x86.ActiveCfg = Release|x86
		{781551B7-B18B-4CBB-B1BF-114D554A32AF}.Release|x86.Build.0 = Release|x86
		{781551B7-B18B-4CBB-B1BF-114D554A32AF}.Release|x86.Deploy.0 = Release|x86
		{B68EF2B7-FBD3-4553-8939-37EEBA6E765C}.Ad-Hoc|Any CPU.ActiveCfg = Release|Any CPU
		{B68EF2B7-FBD3-4553-8939-37EEBA6E765C}.Ad-Hoc|Any CPU.Build.0 = Release|Any CPU
		{B68EF2B7-FBD3-4553-8939-37EEBA6E765C}.Ad-Hoc|Any CPU.Deploy.0 = Release|Any CPU
		{B68EF2B7-FBD3-4553-8939-37EEBA6E765C}.Ad-Hoc|ARM.ActiveCfg = Release|ARM
		{B68EF2B7-FBD3-4553-8939-37EEBA6E765C}.Ad-Hoc|ARM.Build.0 = Release|ARM
		{B68EF2B7-FBD3-4553-8939-37EEBA6E765C}.Ad-Hoc|ARM.Deploy.0 = Release|ARM
		{B68EF2B7-FBD3-4553-8939-37EEBA6E765C}.Ad-Hoc|iPhone.ActiveCfg = Release|Any CPU
		{B68EF2B7-FBD3-4553-8939-37EEBA6E765C}.Ad-Hoc|iPhone.Build.0 = Release|Any CPU
		{B68EF2B7-FBD3-4553-8939-37EEBA6E765C}.Ad-Hoc|iPhone.Deploy.0 = Release|Any CPU
		{B68EF2B7-FBD3-4553-8939-37EEBA6E765C}.Ad-Hoc|iPhoneSimulator.ActiveCfg = Release|Any CPU
		{B68EF2B7-FBD3-4553-8939-37EEBA6E765C}.Ad-Hoc|iPhoneSimulator.Build.0 = Release|Any CPU
		{B68EF2B7-FBD3-4553-8939-37EEBA6E765C}.Ad-Hoc|iPhoneSimulator.Deploy.0 = Release|Any CPU
		{B68EF2B7-FBD3-4553-8939-37EEBA6E765C}.Ad-Hoc|x64.ActiveCfg = Release|x64
		{B68EF2B7-FBD3-4553-8939-37EEBA6E765C}.Ad-Hoc|x64.Build.0 = Release|x64
		{B68EF2B7-FBD3-4553-8939-37EEBA6E765C}.Ad-Hoc|x64.Deploy.0 = Release|x64
		{B68EF2B7-FBD3-4553-8939-37EEBA6E765C}.Ad-Hoc|x86.ActiveCfg = Release|x86
		{B68EF2B7-FBD3-4553-8939-37EEBA6E765C}.Ad-Hoc|x86.Build.0 = Release|x86
		{B68EF2B7-FBD3-4553-8939-37EEBA6E765C}.Ad-Hoc|x86.Deploy.0 = Release|x86
		{B68EF2B7-FBD3-4553-8939-37EEBA6E765C}.AppStore|Any CPU.ActiveCfg = Release|Any CPU
		{B68EF2B7-FBD3-4553-8939-37EEBA6E765C}.AppStore|Any CPU.Build.0 = Release|Any CPU
		{B68EF2B7-FBD3-4553-8939-37EEBA6E765C}.AppStore|Any CPU.Deploy.0 = Release|Any CPU
		{B68EF2B7-FBD3-4553-8939-37EEBA6E765C}.AppStore|ARM.ActiveCfg = Release|ARM
		{B68EF2B7-FBD3-4553-8939-37EEBA6E765C}.AppStore|ARM.Build.0 = Release|ARM
		{B68EF2B7-FBD3-4553-8939-37EEBA6E765C}.AppStore|ARM.Deploy.0 = Release|ARM
		{B68EF2B7-FBD3-4553-8939-37EEBA6E765C}.AppStore|iPhone.ActiveCfg = Release|Any CPU
		{B68EF2B7-FBD3-4553-8939-37EEBA6E765C}.AppStore|iPhone.Build.0 = Release|Any CPU
		{B68EF2B7-FBD3-4553-8939-37EEBA6E765C}.AppStore|iPhone.Deploy.0 = Release|Any CPU
		{B68EF2B7-FBD3-4553-8939-37EEBA6E765C}.AppStore|iPhoneSimulator.ActiveCfg = Release|Any CPU
		{B68EF2B7-FBD3-4553-8939-37EEBA6E765C}.AppStore|iPhoneSimulator.Build.0 = Release|Any CPU
		{B68EF2B7-FBD3-4553-8939-37EEBA6E765C}.AppStore|iPhoneSimulator.Deploy.0 = Release|Any CPU
		{B68EF2B7-FBD3-4553-8939-37EEBA6E765C}.AppStore|x64.ActiveCfg = Release|x64
		{B68EF2B7-FBD3-4553-8939-37EEBA6E765C}.AppStore|x64.Build.0 = Release|x64
		{B68EF2B7-FBD3-4553-8939-37EEBA6E765C}.AppStore|x64.Deploy.0 = Release|x64
		{B68EF2B7-FBD3-4553-8939-37EEBA6E765C}.AppStore|x86.ActiveCfg = Release|x86
		{B68EF2B7-FBD3-4553-8939-37EEBA6E765C}.AppStore|x86.Build.0 = Release|x86
		{B68EF2B7-FBD3-4553-8939-37EEBA6E765C}.AppStore|x86.Deploy.0 = Release|x86
		{B68EF2B7-FBD3-4553-8939-37EEBA6E765C}.Debug|Any CPU.ActiveCfg = Debug|Any CPU
		{B68EF2B7-FBD3-4553-8939-37EEBA6E765C}.Debug|Any CPU.Build.0 = Debug|Any CPU
		{B68EF2B7-FBD3-4553-8939-37EEBA6E765C}.Debug|Any CPU.Deploy.0 = Debug|Any CPU
		{B68EF2B7-FBD3-4553-8939-37EEBA6E765C}.Debug|ARM.ActiveCfg = Debug|ARM
		{B68EF2B7-FBD3-4553-8939-37EEBA6E765C}.Debug|ARM.Build.0 = Debug|ARM
		{B68EF2B7-FBD3-4553-8939-37EEBA6E765C}.Debug|ARM.Deploy.0 = Debug|ARM
		{B68EF2B7-FBD3-4553-8939-37EEBA6E765C}.Debug|iPhone.ActiveCfg = Debug|Any CPU
		{B68EF2B7-FBD3-4553-8939-37EEBA6E765C}.Debug|iPhone.Build.0 = Debug|Any CPU
		{B68EF2B7-FBD3-4553-8939-37EEBA6E765C}.Debug|iPhone.Deploy.0 = Debug|Any CPU
		{B68EF2B7-FBD3-4553-8939-37EEBA6E765C}.Debug|iPhoneSimulator.ActiveCfg = Debug|Any CPU
		{B68EF2B7-FBD3-4553-8939-37EEBA6E765C}.Debug|iPhoneSimulator.Build.0 = Debug|Any CPU
		{B68EF2B7-FBD3-4553-8939-37EEBA6E765C}.Debug|iPhoneSimulator.Deploy.0 = Debug|Any CPU
		{B68EF2B7-FBD3-4553-8939-37EEBA6E765C}.Debug|x64.ActiveCfg = Debug|x64
		{B68EF2B7-FBD3-4553-8939-37EEBA6E765C}.Debug|x64.Build.0 = Debug|x64
		{B68EF2B7-FBD3-4553-8939-37EEBA6E765C}.Debug|x64.Deploy.0 = Debug|x64
		{B68EF2B7-FBD3-4553-8939-37EEBA6E765C}.Debug|x86.ActiveCfg = Debug|x86
		{B68EF2B7-FBD3-4553-8939-37EEBA6E765C}.Debug|x86.Build.0 = Debug|x86
		{B68EF2B7-FBD3-4553-8939-37EEBA6E765C}.Debug|x86.Deploy.0 = Debug|x86
		{B68EF2B7-FBD3-4553-8939-37EEBA6E765C}.Release|Any CPU.ActiveCfg = Release|Any CPU
		{B68EF2B7-FBD3-4553-8939-37EEBA6E765C}.Release|Any CPU.Build.0 = Release|Any CPU
		{B68EF2B7-FBD3-4553-8939-37EEBA6E765C}.Release|Any CPU.Deploy.0 = Release|Any CPU
		{B68EF2B7-FBD3-4553-8939-37EEBA6E765C}.Release|ARM.ActiveCfg = Release|ARM
		{B68EF2B7-FBD3-4553-8939-37EEBA6E765C}.Release|ARM.Build.0 = Release|ARM
		{B68EF2B7-FBD3-4553-8939-37EEBA6E765C}.Release|ARM.Deploy.0 = Release|ARM
		{B68EF2B7-FBD3-4553-8939-37EEBA6E765C}.Release|iPhone.ActiveCfg = Release|Any CPU
		{B68EF2B7-FBD3-4553-8939-37EEBA6E765C}.Release|iPhone.Build.0 = Release|Any CPU
		{B68EF2B7-FBD3-4553-8939-37EEBA6E765C}.Release|iPhone.Deploy.0 = Release|Any CPU
		{B68EF2B7-FBD3-4553-8939-37EEBA6E765C}.Release|iPhoneSimulator.ActiveCfg = Release|Any CPU
		{B68EF2B7-FBD3-4553-8939-37EEBA6E765C}.Release|iPhoneSimulator.Build.0 = Release|Any CPU
		{B68EF2B7-FBD3-4553-8939-37EEBA6E765C}.Release|iPhoneSimulator.Deploy.0 = Release|Any CPU
		{B68EF2B7-FBD3-4553-8939-37EEBA6E765C}.Release|x64.ActiveCfg = Release|x64
		{B68EF2B7-FBD3-4553-8939-37EEBA6E765C}.Release|x64.Build.0 = Release|x64
		{B68EF2B7-FBD3-4553-8939-37EEBA6E765C}.Release|x64.Deploy.0 = Release|x64
		{B68EF2B7-FBD3-4553-8939-37EEBA6E765C}.Release|x86.ActiveCfg = Release|x86
		{B68EF2B7-FBD3-4553-8939-37EEBA6E765C}.Release|x86.Build.0 = Release|x86
		{B68EF2B7-FBD3-4553-8939-37EEBA6E765C}.Release|x86.Deploy.0 = Release|x86
		{027FDE76-187B-4B9C-9DBE-652D0F272924}.Ad-Hoc|Any CPU.ActiveCfg = Release|Any CPU
		{027FDE76-187B-4B9C-9DBE-652D0F272924}.Ad-Hoc|Any CPU.Build.0 = Release|Any CPU
		{027FDE76-187B-4B9C-9DBE-652D0F272924}.Ad-Hoc|ARM.ActiveCfg = Release|Any CPU
		{027FDE76-187B-4B9C-9DBE-652D0F272924}.Ad-Hoc|ARM.Build.0 = Release|Any CPU
		{027FDE76-187B-4B9C-9DBE-652D0F272924}.Ad-Hoc|iPhone.ActiveCfg = Release|Any CPU
		{027FDE76-187B-4B9C-9DBE-652D0F272924}.Ad-Hoc|iPhone.Build.0 = Release|Any CPU
		{027FDE76-187B-4B9C-9DBE-652D0F272924}.Ad-Hoc|iPhoneSimulator.ActiveCfg = Release|Any CPU
		{027FDE76-187B-4B9C-9DBE-652D0F272924}.Ad-Hoc|iPhoneSimulator.Build.0 = Release|Any CPU
		{027FDE76-187B-4B9C-9DBE-652D0F272924}.Ad-Hoc|x64.ActiveCfg = Release|Any CPU
		{027FDE76-187B-4B9C-9DBE-652D0F272924}.Ad-Hoc|x64.Build.0 = Release|Any CPU
		{027FDE76-187B-4B9C-9DBE-652D0F272924}.Ad-Hoc|x86.ActiveCfg = Release|Any CPU
		{027FDE76-187B-4B9C-9DBE-652D0F272924}.Ad-Hoc|x86.Build.0 = Release|Any CPU
		{027FDE76-187B-4B9C-9DBE-652D0F272924}.AppStore|Any CPU.ActiveCfg = Release|Any CPU
		{027FDE76-187B-4B9C-9DBE-652D0F272924}.AppStore|Any CPU.Build.0 = Release|Any CPU
		{027FDE76-187B-4B9C-9DBE-652D0F272924}.AppStore|ARM.ActiveCfg = Release|Any CPU
		{027FDE76-187B-4B9C-9DBE-652D0F272924}.AppStore|ARM.Build.0 = Release|Any CPU
		{027FDE76-187B-4B9C-9DBE-652D0F272924}.AppStore|iPhone.ActiveCfg = Release|Any CPU
		{027FDE76-187B-4B9C-9DBE-652D0F272924}.AppStore|iPhone.Build.0 = Release|Any CPU
		{027FDE76-187B-4B9C-9DBE-652D0F272924}.AppStore|iPhoneSimulator.ActiveCfg = Release|Any CPU
		{027FDE76-187B-4B9C-9DBE-652D0F272924}.AppStore|iPhoneSimulator.Build.0 = Release|Any CPU
		{027FDE76-187B-4B9C-9DBE-652D0F272924}.AppStore|x64.ActiveCfg = Release|Any CPU
		{027FDE76-187B-4B9C-9DBE-652D0F272924}.AppStore|x64.Build.0 = Release|Any CPU
		{027FDE76-187B-4B9C-9DBE-652D0F272924}.AppStore|x86.ActiveCfg = Release|Any CPU
		{027FDE76-187B-4B9C-9DBE-652D0F272924}.AppStore|x86.Build.0 = Release|Any CPU
		{027FDE76-187B-4B9C-9DBE-652D0F272924}.Debug|Any CPU.ActiveCfg = Debug|Any CPU
		{027FDE76-187B-4B9C-9DBE-652D0F272924}.Debug|Any CPU.Build.0 = Debug|Any CPU
		{027FDE76-187B-4B9C-9DBE-652D0F272924}.Debug|ARM.ActiveCfg = Debug|Any CPU
		{027FDE76-187B-4B9C-9DBE-652D0F272924}.Debug|ARM.Build.0 = Debug|Any CPU
		{027FDE76-187B-4B9C-9DBE-652D0F272924}.Debug|iPhone.ActiveCfg = Debug|Any CPU
		{027FDE76-187B-4B9C-9DBE-652D0F272924}.Debug|iPhone.Build.0 = Debug|Any CPU
		{027FDE76-187B-4B9C-9DBE-652D0F272924}.Debug|iPhoneSimulator.ActiveCfg = Debug|Any CPU
		{027FDE76-187B-4B9C-9DBE-652D0F272924}.Debug|iPhoneSimulator.Build.0 = Debug|Any CPU
		{027FDE76-187B-4B9C-9DBE-652D0F272924}.Debug|x64.ActiveCfg = Debug|Any CPU
		{027FDE76-187B-4B9C-9DBE-652D0F272924}.Debug|x64.Build.0 = Debug|Any CPU
		{027FDE76-187B-4B9C-9DBE-652D0F272924}.Debug|x86.ActiveCfg = Debug|Any CPU
		{027FDE76-187B-4B9C-9DBE-652D0F272924}.Debug|x86.Build.0 = Debug|Any CPU
		{027FDE76-187B-4B9C-9DBE-652D0F272924}.Release|Any CPU.ActiveCfg = Release|Any CPU
		{027FDE76-187B-4B9C-9DBE-652D0F272924}.Release|Any CPU.Build.0 = Release|Any CPU
		{027FDE76-187B-4B9C-9DBE-652D0F272924}.Release|ARM.ActiveCfg = Release|Any CPU
		{027FDE76-187B-4B9C-9DBE-652D0F272924}.Release|ARM.Build.0 = Release|Any CPU
		{027FDE76-187B-4B9C-9DBE-652D0F272924}.Release|iPhone.ActiveCfg = Release|Any CPU
		{027FDE76-187B-4B9C-9DBE-652D0F272924}.Release|iPhone.Build.0 = Release|Any CPU
		{027FDE76-187B-4B9C-9DBE-652D0F272924}.Release|iPhoneSimulator.ActiveCfg = Release|Any CPU
		{027FDE76-187B-4B9C-9DBE-652D0F272924}.Release|iPhoneSimulator.Build.0 = Release|Any CPU
		{027FDE76-187B-4B9C-9DBE-652D0F272924}.Release|x64.ActiveCfg = Release|Any CPU
		{027FDE76-187B-4B9C-9DBE-652D0F272924}.Release|x64.Build.0 = Release|Any CPU
		{027FDE76-187B-4B9C-9DBE-652D0F272924}.Release|x86.ActiveCfg = Release|Any CPU
		{027FDE76-187B-4B9C-9DBE-652D0F272924}.Release|x86.Build.0 = Release|Any CPU
	EndGlobalSection
	GlobalSection(SolutionProperties) = preSolution
		HideSolutionNode = FALSE
	EndGlobalSection
EndGlobal
